// !$*UTF8*$!
{
	archiveVersion = 1;
	classes = {
	};
	objectVersion = 56;
	objects = {

/* Begin PBXBuildFile section */
		00DB3F802DB6D8B20014A550 /* SOPHubApp.swift in Sources */ = {isa = PBXBuildFile; fileRef = 00DB3F7F2DB6D8B20014A550 /* SOPHubApp.swift */; };
		00DB3F822DB6D8B20014A550 /* HomeView.swift in Sources */ = {isa = PBXBuildFile; fileRef = 00DB3F812DB6D8B20014A550 /* HomeView.swift */; };
		00DB3F842DB6D8B50014A550 /* Assets.xcassets in Resources */ = {isa = PBXBuildFile; fileRef = 00DB3F832DB6D8B50014A550 /* Assets.xcassets */; };
		00DB3F872DB6D8B50014A550 /* Preview Assets.xcassets in Resources */ = {isa = PBXBuildFile; fileRef = 00DB3F862DB6D8B50014A550 /* Preview Assets.xcassets */; };
		00DB3F8E2DB6D9920014A550 /* InventoryView.swift in Sources */ = {isa = PBXBuildFile; fileRef = 00DB3F8D2DB6D9920014A550 /* InventoryView.swift */; };
		00DB3F902DB6D9A30014A550 /* SalesView.swift in Sources */ = {isa = PBXBuildFile; fileRef = 00DB3F8F2DB6D9A30014A550 /* SalesView.swift */; };
		00DB3F922DB6D9B20014A550 /* MaintenanceView.swift in Sources */ = {isa = PBXBuildFile; fileRef = 00DB3F912DB6D9B20014A550 /* MaintenanceView.swift */; };
		00DB3F942DB6D9C10014A550 /* AnalyticsView.swift in Sources */ = {isa = PBXBuildFile; fileRef = 00DB3F932DB6D9C10014A550 /* AnalyticsView.swift */; };
		00DB3F962DBED1030014A550 /* TicketView.swift in Sources */ = {isa = PBXBuildFile; fileRef = 00DB3F952DBED1030014A550 /* TicketView.swift */; };
		CC8239F22DC1C58A00715175 /* TicketDetailView.swift in Sources */ = {isa = PBXBuildFile; fileRef = CC8239F12DC1C58100715175 /* TicketDetailView.swift */; };
		CCC912E62DCC2C2B003DDBC3 /* DashboardView.swift in Sources */ = {isa = PBXBuildFile; fileRef = CCC912E52DCC2C25003DDBC3 /* DashboardView.swift */; };
/* End PBXBuildFile section */

/* Begin PBXFileReference section */
		00DB3F7C2DB6D8B20014A550 /* SOPHub.app */ = {isa = PBXFileReference; explicitFileType = wrapper.application; includeInIndex = 0; path = SOPHub.app; sourceTree = BUILT_PRODUCTS_DIR; };
		00DB3F7F2DB6D8B20014A550 /* SOPHubApp.swift */ = {isa = PBXFileReference; lastKnownFileType = sourcecode.swift; path = SOPHubApp.swift; sourceTree = "<group>"; };
		00DB3F812DB6D8B20014A550 /* HomeView.swift */ = {isa = PBXFileReference; lastKnownFileType = sourcecode.swift; path = HomeView.swift; sourceTree = "<group>"; };
		00DB3F832DB6D8B50014A550 /* Assets.xcassets */ = {isa = PBXFileReference; lastKnownFileType = folder.assetcatalog; path = Assets.xcassets; sourceTree = "<group>"; };
		00DB3F862DB6D8B50014A550 /* Preview Assets.xcassets */ = {isa = PBXFileReference; lastKnownFileType = folder.assetcatalog; path = "Preview Assets.xcassets"; sourceTree = "<group>"; };
		00DB3F8D2DB6D9920014A550 /* InventoryView.swift */ = {isa = PBXFileReference; lastKnownFileType = sourcecode.swift; path = InventoryView.swift; sourceTree = "<group>"; };
		00DB3F8F2DB6D9A30014A550 /* SalesView.swift */ = {isa = PBXFileReference; lastKnownFileType = sourcecode.swift; path = SalesView.swift; sourceTree = "<group>"; };
		00DB3F912DB6D9B20014A550 /* MaintenanceView.swift */ = {isa = PBXFileReference; lastKnownFileType = sourcecode.swift; path = MaintenanceView.swift; sourceTree = "<group>"; };
		00DB3F932DB6D9C10014A550 /* AnalyticsView.swift */ = {isa = PBXFileReference; lastKnownFileType = sourcecode.swift; path = AnalyticsView.swift; sourceTree = "<group>"; };
		00DB3F952DBED1030014A550 /* TicketView.swift */ = {isa = PBXFileReference; lastKnownFileType = sourcecode.swift; path = TicketView.swift; sourceTree = "<group>"; };
		CC8239F12DC1C58100715175 /* TicketDetailView.swift */ = {isa = PBXFileReference; lastKnownFileType = sourcecode.swift; path = TicketDetailView.swift; sourceTree = "<group>"; };
		CCC912E52DCC2C25003DDBC3 /* DashboardView.swift */ = {isa = PBXFileReference; lastKnownFileType = sourcecode.swift; path = DashboardView.swift; sourceTree = "<group>"; };
/* End PBXFileReference section */

/* Begin PBXFrameworksBuildPhase section */
		00DB3F792DB6D8B20014A550 /* Frameworks */ = {
			isa = PBXFrameworksBuildPhase;
			buildActionMask = 2147483647;
			files = (
			);
			runOnlyForDeploymentPostprocessing = 0;
		};
/* End PBXFrameworksBuildPhase section */

/* Begin PBXGroup section */
		00DB3F732DB6D8B20014A550 = {
			isa = PBXGroup;
			children = (
				00DB3F7E2DB6D8B20014A550 /* SOPHub */,
				00DB3F7D2DB6D8B20014A550 /* Products */,
			);
			sourceTree = "<group>";
		};
		00DB3F7D2DB6D8B20014A550 /* Products */ = {
			isa = PBXGroup;
			children = (
				00DB3F7C2DB6D8B20014A550 /* SOPHub.app */,
			);
			name = Products;
			sourceTree = "<group>";
		};
		00DB3F7E2DB6D8B20014A550 /* SOPHub */ = {
			isa = PBXGroup;
			children = (
				00DB3F7F2DB6D8B20014A550 /* SOPHubApp.swift */,
				CCC912E52DCC2C25003DDBC3 /* DashboardView.swift */,
				00DB3F812DB6D8B20014A550 /* HomeView.swift */,
				00DB3F8D2DB6D9920014A550 /* InventoryView.swift */,
				00DB3F8F2DB6D9A30014A550 /* SalesView.swift */,
				00DB3F912DB6D9B20014A550 /* MaintenanceView.swift */,
				00DB3F932DB6D9C10014A550 /* AnalyticsView.swift */,
				00DB3F952DBED1030014A550 /* TicketView.swift */,
				CC8239F12DC1C58100715175 /* TicketDetailView.swift */,
				00DB3F832DB6D8B50014A550 /* Assets.xcassets */,
				00DB3F852DB6D8B50014A550 /* Preview Content */,
			);
			path = SOPHub;
			sourceTree = "<group>";
		};
		00DB3F852DB6D8B50014A550 /* Preview Content */ = {
			isa = PBXGroup;
			children = (
				00DB3F862DB6D8B50014A550 /* Preview Assets.xcassets */,
			);
			path = "Preview Content";
			sourceTree = "<group>";
		};
/* End PBXGroup section */

/* Begin PBXNativeTarget section */
		00DB3F7B2DB6D8B20014A550 /* SOPHub */ = {
			isa = PBXNativeTarget;
			buildConfigurationList = 00DB3F8A2DB6D8B50014A550 /* Build configuration list for PBXNativeTarget "SOPHub" */;
			buildPhases = (
				00DB3F782DB6D8B20014A550 /* Sources */,
				00DB3F792DB6D8B20014A550 /* Frameworks */,
				00DB3F7A2DB6D8B20014A550 /* Resources */,
			);
			buildRules = (
			);
			dependencies = (
			);
			name = SOPHub;
			productName = SOPHub;
			productReference = 00DB3F7C2DB6D8B20014A550 /* SOPHub.app */;
			productType = "com.apple.product-type.application";
		};
/* End PBXNativeTarget section */

/* Begin PBXProject section */
		00DB3F742DB6D8B20014A550 /* Project object */ = {
			isa = PBXProject;
			attributes = {
				BuildIndependentTargetsInParallel = 1;
				LastSwiftUpdateCheck = 1520;
				LastUpgradeCheck = 1520;
				TargetAttributes = {
					00DB3F7B2DB6D8B20014A550 = {
						CreatedOnToolsVersion = 15.2;
					};
				};
			};
			buildConfigurationList = 00DB3F772DB6D8B20014A550 /* Build configuration list for PBXProject "SOPHub" */;
			compatibilityVersion = "Xcode 14.0";
			developmentRegion = en;
			hasScannedForEncodings = 0;
			knownRegions = (
				en,
				Base,
			);
			mainGroup = 00DB3F732DB6D8B20014A550;
			productRefGroup = 00DB3F7D2DB6D8B20014A550 /* Products */;
			projectDirPath = "";
			projectRoot = "";
			targets = (
				00DB3F7B2DB6D8B20014A550 /* SOPHub */,
			);
		};
/* End PBXProject section */

/* Begin PBXResourcesBuildPhase section */
		00DB3F7A2DB6D8B20014A550 /* Resources */ = {
			isa = PBXResourcesBuildPhase;
			buildActionMask = 2147483647;
			files = (
				00DB3F872DB6D8B50014A550 /* Preview Assets.xcassets in Resources */,
				00DB3F842DB6D8B50014A550 /* Assets.xcassets in Resources */,
			);
			runOnlyForDeploymentPostprocessing = 0;
		};
/* End PBXResourcesBuildPhase section */

/* Begin PBXSourcesBuildPhase section */
		00DB3F782DB6D8B20014A550 /* Sources */ = {
			isa = PBXSourcesBuildPhase;
			buildActionMask = 2147483647;
			files = (
				00DB3F8E2DB6D9920014A550 /* InventoryView.swift in Sources */,
				00DB3F902DB6D9A30014A550 /* SalesView.swift in Sources */,
				00DB3F922DB6D9B20014A550 /* MaintenanceView.swift in Sources */,
				CC8239F22DC1C58A00715175 /* TicketDetailView.swift in Sources */,
				CCC912E62DCC2C2B003DDBC3 /* DashboardView.swift in Sources */,
				00DB3F962DBED1030014A550 /* TicketView.swift in Sources */,
				00DB3F942DB6D9C10014A550 /* AnalyticsView.swift in Sources */,
				00DB3F822DB6D8B20014A550 /* HomeView.swift in Sources */,
				00DB3F802DB6D8B20014A550 /* SOPHubApp.swift in Sources */,
			);
			runOnlyForDeploymentPostprocessing = 0;
		};
/* End PBXSourcesBuildPhase section */

/* Begin XCBuildConfiguration section */
		00DB3F882DB6D8B50014A550 /* Debug */ = {
			isa = XCBuildConfiguration;
			buildSettings = {
				ALWAYS_SEARCH_USER_PATHS = NO;
				ASSETCATALOG_COMPILER_GENERATE_SWIFT_ASSET_SYMBOL_EXTENSIONS = YES;
				CLANG_ANALYZER_NONNULL = YES;
				CLANG_ANALYZER_NUMBER_OBJECT_CONVERSION = YES_AGGRESSIVE;
				CLANG_CXX_LANGUAGE_STANDARD = "gnu++20";
				CLANG_ENABLE_MODULES = YES;
				CLANG_ENABLE_OBJC_ARC = YES;
				CLANG_ENABLE_OBJC_WEAK = YES;
				CLANG_WARN_BLOCK_CAPTURE_AUTORELEASING = YES;
				CLANG_WARN_BOOL_CONVERSION = YES;
				CLANG_WARN_COMMA = YES;
				CLANG_WARN_CONSTANT_CONVERSION = YES;
				CLANG_WARN_DEPRECATED_OBJC_IMPLEMENTATIONS = YES;
				CLANG_WARN_DIRECT_OBJC_ISA_USAGE = YES_ERROR;
				CLANG_WARN_DOCUMENTATION_COMMENTS = YES;
				CLANG_WARN_EMPTY_BODY = YES;
				CLANG_WARN_ENUM_CONVERSION = YES;
				CLANG_WARN_INFINITE_RECURSION = YES;
				CLANG_WARN_INT_CONVERSION = YES;
				CLANG_WARN_NON_LITERAL_NULL_CONVERSION = YES;
				CLANG_WARN_OBJC_IMPLICIT_RETAIN_SELF = YES;
				CLANG_WARN_OBJC_LITERAL_CONVERSION = YES;
				CLANG_WARN_OBJC_ROOT_CLASS = YES_ERROR;
				CLANG_WARN_QUOTED_INCLUDE_IN_FRAMEWORK_HEADER = YES;
				CLANG_WARN_RANGE_LOOP_ANALYSIS = YES;
				CLANG_WARN_STRICT_PROTOTYPES = YES;
				CLANG_WARN_SUSPICIOUS_MOVE = YES;
				CLANG_WARN_UNGUARDED_AVAILABILITY = YES_AGGRESSIVE;
				CLANG_WARN_UNREACHABLE_CODE = YES;
				CLANG_WARN__DUPLICATE_METHOD_MATCH = YES;
				COPY_PHASE_STRIP = NO;
				DEBUG_INFORMATION_FORMAT = dwarf;
				ENABLE_STRICT_OBJC_MSGSEND = YES;
				ENABLE_TESTABILITY = YES;
				ENABLE_USER_SCRIPT_SANDBOXING = YES;
				GCC_C_LANGUAGE_STANDARD = gnu17;
				GCC_DYNAMIC_NO_PIC = NO;
				GCC_NO_COMMON_BLOCKS = YES;
				GCC_OPTIMIZATION_LEVEL = 0;
				GCC_PREPROCESSOR_DEFINITIONS = (
					"DEBUG=1",
					"$(inherited)",
				);
				GCC_WARN_64_TO_32_BIT_CONVERSION = YES;
				GCC_WARN_ABOUT_RETURN_TYPE = YES_ERROR;
				GCC_WARN_UNDECLARED_SELECTOR = YES;
				GCC_WARN_UNINITIALIZED_AUTOS = YES_AGGRESSIVE;
				GCC_WARN_UNUSED_FUNCTION = YES;
				GCC_WARN_UNUSED_VARIABLE = YES;
				IPHONEOS_DEPLOYMENT_TARGET = 17.2;
				LOCALIZATION_PREFERS_STRING_CATALOGS = YES;
				MTL_ENABLE_DEBUG_INFO = INCLUDE_SOURCE;
				MTL_FAST_MATH = YES;
				ONLY_ACTIVE_ARCH = YES;
				SDKROOT = iphoneos;
				SWIFT_ACTIVE_COMPILATION_CONDITIONS = "DEBUG $(inherited)";
				SWIFT_OPTIMIZATION_LEVEL = "-Onone";
			};
			name = Debug;
		};
		00DB3F892DB6D8B50014A550 /* Release */ = {
			isa = XCBuildConfiguration;
			buildSettings = {
				ALWAYS_SEARCH_USER_PATHS = NO;
				ASSETCATALOG_COMPILER_GENERATE_SWIFT_ASSET_SYMBOL_EXTENSIONS = YES;
				CLANG_ANALYZER_NONNULL = YES;
				CLANG_ANALYZER_NUMBER_OBJECT_CONVERSION = YES_AGGRESSIVE;
				CLANG_CXX_LANGUAGE_STANDARD = "gnu++20";
				CLANG_ENABLE_MODULES = YES;
				CLANG_ENABLE_OBJC_ARC = YES;
				CLANG_ENABLE_OBJC_WEAK = YES;
				CLANG_WARN_BLOCK_CAPTURE_AUTORELEASING = YES;
				CLANG_WARN_BOOL_CONVERSION = YES;
				CLANG_WARN_COMMA = YES;
				CLANG_WARN_CONSTANT_CONVERSION = YES;
				CLANG_WARN_DEPRECATED_OBJC_IMPLEMENTATIONS = YES;
				CLANG_WARN_DIRECT_OBJC_ISA_USAGE = YES_ERROR;
				CLANG_WARN_DOCUMENTATION_COMMENTS = YES;
				CLANG_WARN_EMPTY_BODY = YES;
				CLANG_WARN_ENUM_CONVERSION = YES;
				CLANG_WARN_INFINITE_RECURSION = YES;
				CLANG_WARN_INT_CONVERSION = YES;
				CLANG_WARN_NON_LITERAL_NULL_CONVERSION = YES;
				CLANG_WARN_OBJC_IMPLICIT_RETAIN_SELF = YES;
				CLANG_WARN_OBJC_LITERAL_CONVERSION = YES;
				CLANG_WARN_OBJC_ROOT_CLASS = YES_ERROR;
				CLANG_WARN_QUOTED_INCLUDE_IN_FRAMEWORK_HEADER = YES;
				CLANG_WARN_RANGE_LOOP_ANALYSIS = YES;
				CLANG_WARN_STRICT_PROTOTYPES = YES;
				CLANG_WARN_SUSPICIOUS_MOVE = YES;
				CLANG_WARN_UNGUARDED_AVAILABILITY = YES_AGGRESSIVE;
				CLANG_WARN_UNREACHABLE_CODE = YES;
				CLANG_WARN__DUPLICATE_METHOD_MATCH = YES;
				COPY_PHASE_STRIP = NO;
				DEBUG_INFORMATION_FORMAT = "dwarf-with-dsym";
				ENABLE_NS_ASSERTIONS = NO;
				ENABLE_STRICT_OBJC_MSGSEND = YES;
				ENABLE_USER_SCRIPT_SANDBOXING = YES;
				GCC_C_LANGUAGE_STANDARD = gnu17;
				GCC_NO_COMMON_BLOCKS = YES;
				GCC_WARN_64_TO_32_BIT_CONVERSION = YES;
				GCC_WARN_ABOUT_RETURN_TYPE = YES_ERROR;
				GCC_WARN_UNDECLARED_SELECTOR = YES;
				GCC_WARN_UNINITIALIZED_AUTOS = YES_AGGRESSIVE;
				GCC_WARN_UNUSED_FUNCTION = YES;
				GCC_WARN_UNUSED_VARIABLE = YES;
				IPHONEOS_DEPLOYMENT_TARGET = 17.2;
				LOCALIZATION_PREFERS_STRING_CATALOGS = YES;
				MTL_ENABLE_DEBUG_INFO = NO;
				MTL_FAST_MATH = YES;
				SDKROOT = iphoneos;
				SWIFT_COMPILATION_MODE = wholemodule;
				VALIDATE_PRODUCT = YES;
			};
			name = Release;
		};
		00DB3F8B2DB6D8B50014A550 /* Debug */ = {
			isa = XCBuildConfiguration;
			buildSettings = {
				ASSETCATALOG_COMPILER_APPICON_NAME = AppIcon;
				ASSETCATALOG_COMPILER_GLOBAL_ACCENT_COLOR_NAME = AccentColor;
				CODE_SIGN_STYLE = Automatic;
				CURRENT_PROJECT_VERSION = 1;
				DEVELOPMENT_ASSET_PATHS = "\"SOPHub/Preview Content\"";
				ENABLE_PREVIEWS = YES;
				GENERATE_INFOPLIST_FILE = YES;
				INFOPLIST_KEY_UIApplicationSceneManifest_Generation = YES;
				INFOPLIST_KEY_UIApplicationSupportsIndirectInputEvents = YES;
				INFOPLIST_KEY_UILaunchScreen_Generation = YES;
				INFOPLIST_KEY_UISupportedInterfaceOrientations_iPad = "UIInterfaceOrientationPortrait UIInterfaceOrientationPortraitUpsideDown UIInterfaceOrientationLandscapeLeft UIInterfaceOrientationLandscapeRight";
				INFOPLIST_KEY_UISupportedInterfaceOrientations_iPhone = "UIInterfaceOrientationPortrait UIInterfaceOrientationLandscapeLeft UIInterfaceOrientationLandscapeRight";
				LD_RUNPATH_SEARCH_PATHS = (
					"$(inherited)",
					"@executable_path/Frameworks",
				);
				MARKETING_VERSION = 1.0;
				PRODUCT_BUNDLE_IDENTIFIER = projectRelay.SOPHub;
				PRODUCT_NAME = "$(TARGET_NAME)";
				SWIFT_EMIT_LOC_STRINGS = YES;
				SWIFT_VERSION = 5.0;
				TARGETED_DEVICE_FAMILY = "1,2";
			};
			name = Debug;
		};
		00DB3F8C2DB6D8B50014A550 /* Release */ = {
			isa = XCBuildConfiguration;
			buildSettings = {
				ASSETCATALOG_COMPILER_APPICON_NAME = AppIcon;
				ASSETCATALOG_COMPILER_GLOBAL_ACCENT_COLOR_NAME = AccentColor;
				CODE_SIGN_STYLE = Automatic;
				CURRENT_PROJECT_VERSION = 1;
				DEVELOPMENT_ASSET_PATHS = "\"SOPHub/Preview Content\"";
				ENABLE_PREVIEWS = YES;
				GENERATE_INFOPLIST_FILE = YES;
				INFOPLIST_KEY_UIApplicationSceneManifest_Generation = YES;
				INFOPLIST_KEY_UIApplicationSupportsIndirectInputEvents = YES;
				INFOPLIST_KEY_UILaunchScreen_Generation = YES;
				INFOPLIST_KEY_UISupportedInterfaceOrientations_iPad = "UIInterfaceOrientationPortrait UIInterfaceOrientationPortraitUpsideDown UIInterfaceOrientationLandscapeLeft UIInterfaceOrientationLandscapeRight";
				INFOPLIST_KEY_UISupportedInterfaceOrientations_iPhone = "UIInterfaceOrientationPortrait UIInterfaceOrientationLandscapeLeft UIInterfaceOrientationLandscapeRight";
				LD_RUNPATH_SEARCH_PATHS = (
					"$(inherited)",
					"@executable_path/Frameworks",
				);
				MARKETING_VERSION = 1.0;
				PRODUCT_BUNDLE_IDENTIFIER = projectRelay.SOPHub;
				PRODUCT_NAME = "$(TARGET_NAME)";
				SWIFT_EMIT_LOC_STRINGS = YES;
				SWIFT_VERSION = 5.0;
				TARGETED_DEVICE_FAMILY = "1,2";
			};
			name = Release;
		};
/* End XCBuildConfiguration section */

/* Begin XCConfigurationList section */
		00DB3F772DB6D8B20014A550 /* Build configuration list for PBXProject "SOPHub" */ = {
			isa = XCConfigurationList;
			buildConfigurations = (
				00DB3F882DB6D8B50014A550 /* Debug */,
				00DB3F892DB6D8B50014A550 /* Release */,
			);
			defaultConfigurationIsVisible = 0;
			defaultConfigurationName = Release;
		};
		00DB3F8A2DB6D8B50014A550 /* Build configuration list for PBXNativeTarget "SOPHub" */ = {
			isa = XCConfigurationList;
			buildConfigurations = (
				00DB3F8B2DB6D8B50014A550 /* Debug */,
				00DB3F8C2DB6D8B50014A550 /* Release */,
			);
			defaultConfigurationIsVisible = 0;
			defaultConfigurationName = Release;
		};
/* End XCConfigurationList section */
	};
	rootObject = 00DB3F742DB6D8B20014A550 /* Project object */;
}
